
Microsoft Visual Studio Solution File, Format Version 12.00
# Visual Studio Version 16
VisualStudioVersion = 16.0.32228.343
MinimumVisualStudioVersion = 10.0.40219.1
Project("{FAE04EC0-301F-11D3-BF4B-00C04F79EFBC}") = "AndOperator", "AndOperator\AndOperator.csproj", "{0EB8175B-0622-4754-8C63-BCF7E65A6BBA}"
EndProject
Project("{FAE04EC0-301F-11D3-BF4B-00C04F79EFBC}") = "LogicalOperators", "LogicalOperators\LogicalOperators.csproj", "{7F93785A-8D6F-46BA-9668-B7AA490C9DED}"
EndProject
Project("{FAE04EC0-301F-11D3-BF4B-00C04F79EFBC}") = "OrOperator", "OrOperator\OrOperator.csproj", "{C02670D1-3232-4363-9D0C-3A16D542B801}"
EndProject
Project("{FAE04EC0-301F-11D3-BF4B-00C04F79EFBC}") = "EnglishWeather", "EnglishWeather\EnglishWeather.csproj", "{2A625B36-3CE3-4538-9508-E5BD3A11ADAE}"
EndProject
Project("{FAE04EC0-301F-11D3-BF4B-00C04F79EFBC}") = "Discount", "Discount\Discount.csproj", "{244B56BD-52AE-4DBB-92E5-EBAB7A32E6EE}"
EndProject
Global
	GlobalSection(SolutionConfigurationPlatforms) = preSolution
		Debug|Any CPU = Debug|Any CPU
		Release|Any CPU = Release|Any CPU
	EndGlobalSection
	GlobalSection(ProjectConfigurationPlatforms) = postSolution
		{0EB8175B-0622-4754-8C63-BCF7E65A6BBA}.Debug|Any CPU.ActiveCfg = Debug|Any CPU
		{0EB8175B-0622-4754-8C63-BCF7E65A6BBA}.Debug|Any CPU.Build.0 = Debug|Any CPU
		{0EB8175B-0622-4754-8C63-BCF7E65A6BBA}.Release|Any CPU.ActiveCfg = Release|Any CPU
		{0EB8175B-0622-4754-8C63-BCF7E65A6BBA}.Release|Any CPU.Build.0 = Release|Any CPU
		{7F93785A-8D6F-46BA-9668-B7AA490C9DED}.Debug|Any CPU.ActiveCfg = Debug|Any CPU
		{7F93785A-8D6F-46BA-9668-B7AA490C9DED}.Debug|Any CPU.Build.0 = Debug|Any CPU
		{7F93785A-8D6F-46BA-9668-B7AA490C9DED}.Release|Any CPU.ActiveCfg = Release|Any CPU
		{7F93785A-8D6F-46BA-9668-B7AA490C9DED}.Release|Any CPU.Build.0 = Release|Any CPU
		{C02670D1-3232-4363-9D0C-3A16D542B801}.Debug|Any CPU.ActiveCfg = Debug|Any CPU
		{C02670D1-3232-4363-9D0C-3A16D542B801}.Debug|Any CPU.Build.0 = Debug|Any CPU
		{C02670D1-3232-4363-9D0C-3A16D542B801}.Release|Any CPU.ActiveCfg = Release|Any CPU
		{C02670D1-3232-4363-9D0C-3A16D542B801}.Release|Any CPU.Build.0 = Release|Any CPU
		{2A625B36-3CE3-4538-9508-E5BD3A11ADAE}.Debug|Any CPU.ActiveCfg = Debug|Any CPU
		{2A625B36-3CE3-4538-9508-E5BD3A11ADAE}.Debug|Any CPU.Build.0 = Debug|Any CPU
		{2A625B36-3CE3-4538-9508-E5BD3A11ADAE}.Release|Any CPU.ActiveCfg = Release|Any CPU
		{2A625B36-3CE3-4538-9508-E5BD3A11ADAE}.Release|Any CPU.Build.0 = Release|Any CPU
		{244B56BD-52AE-4DBB-92E5-EBAB7A32E6EE}.Debug|Any CPU.ActiveCfg = Debug|Any CPU
		{244B56BD-52AE-4DBB-92E5-EBAB7A32E6EE}.Debug|Any CPU.Build.0 = Debug|Any CPU
		{244B56BD-52AE-4DBB-92E5-EBAB7A32E6EE}.Release|Any CPU.ActiveCfg = Release|Any CPU
		{244B56BD-52AE-4DBB-92E5-EBAB7A32E6EE}.Release|Any CPU.Build.0 = Release|Any CPU
	EndGlobalSection
	GlobalSection(SolutionProperties) = preSolution
		HideSolutionNode = FALSE
	EndGlobalSection
	GlobalSection(ExtensibilityGlobals) = postSolution
		SolutionGuid = {1B0D837B-3AE7-445A-97BB-16C13FDF9650}
	EndGlobalSection
EndGlobal
